
Microsoft Visual Studio Solution File, Format Version 12.00
# Visual Studio Version 16
VisualStudioVersion = 16.0.30804.86
MinimumVisualStudioVersion = 10.0.40219.1
Project("{F184B08F-C81C-45F6-A57F-5ABD9991F28F}") = "ForeignWorldUnitConvert", "ForeignWorldUnitConvert.vbproj", "{E137F3E9-17E6-41B0-AAF0-97FAEFFF1918}"
EndProject
Global
	GlobalSection(SolutionConfigurationPlatforms) = preSolution
		Debug|Any CPU = Debug|Any CPU
		Release|Any CPU = Release|Any CPU
	EndGlobalSection
	GlobalSection(ProjectConfigurationPlatforms) = postSolution
		{E137F3E9-17E6-41B0-AAF0-97FAEFFF1918}.Debug|Any CPU.ActiveCfg = Debug|Any CPU
		{E137F3E9-17E6-41B0-AAF0-97FAEFFF1918}.Debug|Any CPU.Build.0 = Debug|Any CPU
		{E137F3E9-17E6-41B0-AAF0-97FAEFFF1918}.Release|Any CPU.ActiveCfg = Release|Any CPU
		{E137F3E9-17E6-41B0-AAF0-97FAEFFF1918}.Release|Any CPU.Build.0 = Release|Any CPU
	EndGlobalSection
	GlobalSection(SolutionProperties) = preSolution
		HideSolutionNode = FALSE
	EndGlobalSection
	GlobalSection(ExtensibilityGlobals) = postSolution
		SolutionGuid = {5A4014F6-C38B-4687-8DB8-08C07BAEAD60}
	EndGlobalSection
EndGlobal
