
Microsoft Visual Studio Solution File, Format Version 12.00
# Visual Studio Version 16
VisualStudioVersion = 16.0.30717.126
MinimumVisualStudioVersion = 10.0.40219.1
Project("{F184B08F-C81C-45F6-A57F-5ABD9991F28F}") = "异世界单位转换器", "ForeignWorldUnitConvert.vbproj", "{329ADA65-0FDE-4B0D-9E84-4BB2960A8FFF}"
EndProject
Global
	GlobalSection(SolutionConfigurationPlatforms) = preSolution
		Debug|Any CPU = Debug|Any CPU
		Release|Any CPU = Release|Any CPU
	EndGlobalSection
	GlobalSection(ProjectConfigurationPlatforms) = postSolution
		{329ADA65-0FDE-4B0D-9E84-4BB2960A8FFF}.Debug|Any CPU.ActiveCfg = Debug|Any CPU
		{329ADA65-0FDE-4B0D-9E84-4BB2960A8FFF}.Debug|Any CPU.Build.0 = Debug|Any CPU
		{329ADA65-0FDE-4B0D-9E84-4BB2960A8FFF}.Release|Any CPU.ActiveCfg = Release|Any CPU
		{329ADA65-0FDE-4B0D-9E84-4BB2960A8FFF}.Release|Any CPU.Build.0 = Release|Any CPU
	EndGlobalSection
	GlobalSection(SolutionProperties) = preSolution
		HideSolutionNode = FALSE
	EndGlobalSection
	GlobalSection(ExtensibilityGlobals) = postSolution
		SolutionGuid = {D864E90E-0761-4E54-A514-F402F386D79B}
	EndGlobalSection
EndGlobal
